// !$*UTF8*$!
{
	archiveVersion = 1;
	classes = {
	};
	objectVersion = 55;
	objects = {

/* Begin PBXBuildFile section */
		C7BD895027CEBD4E0014341E /* RestartAppApp.swift in Sources */ = {isa = PBXBuildFile; fileRef = C7BD894F27CEBD4E0014341E /* RestartAppApp.swift */; };
		C7BD895227CEBD4E0014341E /* ContentView.swift in Sources */ = {isa = PBXBuildFile; fileRef = C7BD895127CEBD4E0014341E /* ContentView.swift */; };
		C7BD895427CEBD500014341E /* Assets.xcassets in Resources */ = {isa = PBXBuildFile; fileRef = C7BD895327CEBD500014341E /* Assets.xcassets */; };
		C7BD895727CEBD500014341E /* Preview Assets.xcassets in Resources */ = {isa = PBXBuildFile; fileRef = C7BD895627CEBD500014341E /* Preview Assets.xcassets */; };
		C7BD896127CEBD500014341E /* RestartAppTests.swift in Sources */ = {isa = PBXBuildFile; fileRef = C7BD896027CEBD500014341E /* RestartAppTests.swift */; };
		C7BD896B27CEBD500014341E /* RestartAppUITests.swift in Sources */ = {isa = PBXBuildFile; fileRef = C7BD896A27CEBD500014341E /* RestartAppUITests.swift */; };
		C7BD896D27CEBD500014341E /* RestartAppUITestsLaunchTests.swift in Sources */ = {isa = PBXBuildFile; fileRef = C7BD896C27CEBD500014341E /* RestartAppUITestsLaunchTests.swift */; };
		C7BD897B27CEBE4D0014341E /* chimeup.mp3 in Resources */ = {isa = PBXBuildFile; fileRef = C7BD897927CEBE4D0014341E /* chimeup.mp3 */; };
		C7BD897C27CEBE4D0014341E /* success.m4a in Resources */ = {isa = PBXBuildFile; fileRef = C7BD897A27CEBE4D0014341E /* success.m4a */; };
		C7BD898327CEC0180014341E /* OnboardingView.swift in Sources */ = {isa = PBXBuildFile; fileRef = C7BD898227CEC0180014341E /* OnboardingView.swift */; };
		C7BD898527CEC0200014341E /* HomeView.swift in Sources */ = {isa = PBXBuildFile; fileRef = C7BD898427CEC0200014341E /* HomeView.swift */; };
		C7BD898727CEC3210014341E /* ColorsExtension.swift in Sources */ = {isa = PBXBuildFile; fileRef = C7BD898627CEC3210014341E /* ColorsExtension.swift */; };
		C7BD898927CEC5F40014341E /* ImagesExtension.swift in Sources */ = {isa = PBXBuildFile; fileRef = C7BD898827CEC5F40014341E /* ImagesExtension.swift */; };
		C7BD898C27CECE110014341E /* CircleGroupView.swift in Sources */ = {isa = PBXBuildFile; fileRef = C7BD898B27CECE110014341E /* CircleGroupView.swift */; };
		C7BD898E27CEE3630014341E /* AudioPlayer.swift in Sources */ = {isa = PBXBuildFile; fileRef = C7BD898D27CEE3630014341E /* AudioPlayer.swift */; };
/* End PBXBuildFile section */

/* Begin PBXContainerItemProxy section */
		C7BD895D27CEBD500014341E /* PBXContainerItemProxy */ = {
			isa = PBXContainerItemProxy;
			containerPortal = C7BD894427CEBD4E0014341E /* Project object */;
			proxyType = 1;
			remoteGlobalIDString = C7BD894B27CEBD4E0014341E;
			remoteInfo = RestartApp;
		};
		C7BD896727CEBD500014341E /* PBXContainerItemProxy */ = {
			isa = PBXContainerItemProxy;
			containerPortal = C7BD894427CEBD4E0014341E /* Project object */;
			proxyType = 1;
			remoteGlobalIDString = C7BD894B27CEBD4E0014341E;
			remoteInfo = RestartApp;
		};
/* End PBXContainerItemProxy section */

/* Begin PBXFileReference section */
		C7BD894C27CEBD4E0014341E /* RestartApp.app */ = {isa = PBXFileReference; explicitFileType = wrapper.application; includeInIndex = 0; path = RestartApp.app; sourceTree = BUILT_PRODUCTS_DIR; };
		C7BD894F27CEBD4E0014341E /* RestartAppApp.swift */ = {isa = PBXFileReference; lastKnownFileType = sourcecode.swift; path = RestartAppApp.swift; sourceTree = "<group>"; };
		C7BD895127CEBD4E0014341E /* ContentView.swift */ = {isa = PBXFileReference; lastKnownFileType = sourcecode.swift; path = ContentView.swift; sourceTree = "<group>"; };
		C7BD895327CEBD500014341E /* Assets.xcassets */ = {isa = PBXFileReference; lastKnownFileType = folder.assetcatalog; path = Assets.xcassets; sourceTree = "<group>"; };
		C7BD895627CEBD500014341E /* Preview Assets.xcassets */ = {isa = PBXFileReference; lastKnownFileType = folder.assetcatalog; path = "Preview Assets.xcassets"; sourceTree = "<group>"; };
		C7BD895C27CEBD500014341E /* RestartAppTests.xctest */ = {isa = PBXFileReference; explicitFileType = wrapper.cfbundle; includeInIndex = 0; path = RestartAppTests.xctest; sourceTree = BUILT_PRODUCTS_DIR; };
		C7BD896027CEBD500014341E /* RestartAppTests.swift */ = {isa = PBXFileReference; lastKnownFileType = sourcecode.swift; path = RestartAppTests.swift; sourceTree = "<group>"; };
		C7BD896627CEBD500014341E /* RestartAppUITests.xctest */ = {isa = PBXFileReference; explicitFileType = wrapper.cfbundle; includeInIndex = 0; path = RestartAppUITests.xctest; sourceTree = BUILT_PRODUCTS_DIR; };
		C7BD896A27CEBD500014341E /* RestartAppUITests.swift */ = {isa = PBXFileReference; lastKnownFileType = sourcecode.swift; path = RestartAppUITests.swift; sourceTree = "<group>"; };
		C7BD896C27CEBD500014341E /* RestartAppUITestsLaunchTests.swift */ = {isa = PBXFileReference; lastKnownFileType = sourcecode.swift; path = RestartAppUITestsLaunchTests.swift; sourceTree = "<group>"; };
		C7BD897927CEBE4D0014341E /* chimeup.mp3 */ = {isa = PBXFileReference; lastKnownFileType = audio.mp3; path = chimeup.mp3; sourceTree = "<group>"; };
		C7BD897A27CEBE4D0014341E /* success.m4a */ = {isa = PBXFileReference; lastKnownFileType = file; path = success.m4a; sourceTree = "<group>"; };
		C7BD898127CEBFDC0014341E /* Info.plist */ = {isa = PBXFileReference; lastKnownFileType = text.plist; path = Info.plist; sourceTree = "<group>"; };
		C7BD898227CEC0180014341E /* OnboardingView.swift */ = {isa = PBXFileReference; lastKnownFileType = sourcecode.swift; path = OnboardingView.swift; sourceTree = "<group>"; };
		C7BD898427CEC0200014341E /* HomeView.swift */ = {isa = PBXFileReference; lastKnownFileType = sourcecode.swift; path = HomeView.swift; sourceTree = "<group>"; };
		C7BD898627CEC3210014341E /* ColorsExtension.swift */ = {isa = PBXFileReference; lastKnownFileType = sourcecode.swift; path = ColorsExtension.swift; sourceTree = "<group>"; };
		C7BD898827CEC5F40014341E /* ImagesExtension.swift */ = {isa = PBXFileReference; lastKnownFileType = sourcecode.swift; path = ImagesExtension.swift; sourceTree = "<group>"; };
		C7BD898B27CECE110014341E /* CircleGroupView.swift */ = {isa = PBXFileReference; lastKnownFileType = sourcecode.swift; path = CircleGroupView.swift; sourceTree = "<group>"; };
		C7BD898D27CEE3630014341E /* AudioPlayer.swift */ = {isa = PBXFileReference; lastKnownFileType = sourcecode.swift; path = AudioPlayer.swift; sourceTree = "<group>"; };
/* End PBXFileReference section */

/* Begin PBXFrameworksBuildPhase section */
		C7BD894927CEBD4E0014341E /* Frameworks */ = {
			isa = PBXFrameworksBuildPhase;
			buildActionMask = 2147483647;
			files = (
			);
			runOnlyForDeploymentPostprocessing = 0;
		};
		C7BD895927CEBD500014341E /* Frameworks */ = {
			isa = PBXFrameworksBuildPhase;
			buildActionMask = 2147483647;
			files = (
			);
			runOnlyForDeploymentPostprocessing = 0;
		};
		C7BD896327CEBD500014341E /* Frameworks */ = {
			isa = PBXFrameworksBuildPhase;
			buildActionMask = 2147483647;
			files = (
			);
			runOnlyForDeploymentPostprocessing = 0;
		};
/* End PBXFrameworksBuildPhase section */

/* Begin PBXGroup section */
		C7BD894327CEBD4E0014341E = {
			isa = PBXGroup;
			children = (
				C7BD894E27CEBD4E0014341E /* RestartApp */,
				C7BD895F27CEBD500014341E /* RestartAppTests */,
				C7BD896927CEBD500014341E /* RestartAppUITests */,
				C7BD894D27CEBD4E0014341E /* Products */,
			);
			sourceTree = "<group>";
		};
		C7BD894D27CEBD4E0014341E /* Products */ = {
			isa = PBXGroup;
			children = (
				C7BD894C27CEBD4E0014341E /* RestartApp.app */,
				C7BD895C27CEBD500014341E /* RestartAppTests.xctest */,
				C7BD896627CEBD500014341E /* RestartAppUITests.xctest */,
			);
			name = Products;
			sourceTree = "<group>";
		};
		C7BD894E27CEBD4E0014341E /* RestartApp */ = {
			isa = PBXGroup;
			children = (
				C7BD898127CEBFDC0014341E /* Info.plist */,
				C7BD898A27CECDEE0014341E /* Views */,
				C7BD898027CEBF010014341E /* Utilities */,
				C7BD897F27CEBEEA0014341E /* Modules */,
				C7BD897D27CEBE510014341E /* Resources */,
				C7BD894F27CEBD4E0014341E /* RestartAppApp.swift */,
				C7BD895527CEBD500014341E /* Preview Content */,
			);
			path = RestartApp;
			sourceTree = "<group>";
		};
		C7BD895527CEBD500014341E /* Preview Content */ = {
			isa = PBXGroup;
			children = (
				C7BD895627CEBD500014341E /* Preview Assets.xcassets */,
			);
			path = "Preview Content";
			sourceTree = "<group>";
		};
		C7BD895F27CEBD500014341E /* RestartAppTests */ = {
			isa = PBXGroup;
			children = (
				C7BD896027CEBD500014341E /* RestartAppTests.swift */,
			);
			path = RestartAppTests;
			sourceTree = "<group>";
		};
		C7BD896927CEBD500014341E /* RestartAppUITests */ = {
			isa = PBXGroup;
			children = (
				C7BD896A27CEBD500014341E /* RestartAppUITests.swift */,
				C7BD896C27CEBD500014341E /* RestartAppUITestsLaunchTests.swift */,
			);
			path = RestartAppUITests;
			sourceTree = "<group>";
		};
		C7BD897D27CEBE510014341E /* Resources */ = {
			isa = PBXGroup;
			children = (
				C7BD897E27CEBE5D0014341E /* Sounds */,
				C7BD895327CEBD500014341E /* Assets.xcassets */,
			);
			path = Resources;
			sourceTree = "<group>";
		};
		C7BD897E27CEBE5D0014341E /* Sounds */ = {
			isa = PBXGroup;
			children = (
				C7BD897927CEBE4D0014341E /* chimeup.mp3 */,
				C7BD897A27CEBE4D0014341E /* success.m4a */,
			);
			path = Sounds;
			sourceTree = "<group>";
		};
		C7BD897F27CEBEEA0014341E /* Modules */ = {
			isa = PBXGroup;
			children = (
				C7BD895127CEBD4E0014341E /* ContentView.swift */,
				C7BD898227CEC0180014341E /* OnboardingView.swift */,
				C7BD898427CEC0200014341E /* HomeView.swift */,
			);
			path = Modules;
			sourceTree = "<group>";
		};
		C7BD898027CEBF010014341E /* Utilities */ = {
			isa = PBXGroup;
			children = (
				C7BD898627CEC3210014341E /* ColorsExtension.swift */,
				C7BD898827CEC5F40014341E /* ImagesExtension.swift */,
				C7BD898D27CEE3630014341E /* AudioPlayer.swift */,
			);
			path = Utilities;
			sourceTree = "<group>";
		};
		C7BD898A27CECDEE0014341E /* Views */ = {
			isa = PBXGroup;
			children = (
				C7BD898B27CECE110014341E /* CircleGroupView.swift */,
			);
			path = Views;
			sourceTree = "<group>";
		};
/* End PBXGroup section */

/* Begin PBXNativeTarget section */
		C7BD894B27CEBD4E0014341E /* RestartApp */ = {
			isa = PBXNativeTarget;
			buildConfigurationList = C7BD897027CEBD500014341E /* Build configuration list for PBXNativeTarget "RestartApp" */;
			buildPhases = (
				C7BD894827CEBD4E0014341E /* Sources */,
				C7BD894927CEBD4E0014341E /* Frameworks */,
				C7BD894A27CEBD4E0014341E /* Resources */,
			);
			buildRules = (
			);
			dependencies = (
			);
			name = RestartApp;
			productName = RestartApp;
			productReference = C7BD894C27CEBD4E0014341E /* RestartApp.app */;
			productType = "com.apple.product-type.application";
		};
		C7BD895B27CEBD500014341E /* RestartAppTests */ = {
			isa = PBXNativeTarget;
			buildConfigurationList = C7BD897327CEBD500014341E /* Build configuration list for PBXNativeTarget "RestartAppTests" */;
			buildPhases = (
				C7BD895827CEBD500014341E /* Sources */,
				C7BD895927CEBD500014341E /* Frameworks */,
				C7BD895A27CEBD500014341E /* Resources */,
			);
			buildRules = (
			);
			dependencies = (
				C7BD895E27CEBD500014341E /* PBXTargetDependency */,
			);
			name = RestartAppTests;
			productName = RestartAppTests;
			productReference = C7BD895C27CEBD500014341E /* RestartAppTests.xctest */;
			productType = "com.apple.product-type.bundle.unit-test";
		};
		C7BD896527CEBD500014341E /* RestartAppUITests */ = {
			isa = PBXNativeTarget;
			buildConfigurationList = C7BD897627CEBD500014341E /* Build configuration list for PBXNativeTarget "RestartAppUITests" */;
			buildPhases = (
				C7BD896227CEBD500014341E /* Sources */,
				C7BD896327CEBD500014341E /* Frameworks */,
				C7BD896427CEBD500014341E /* Resources */,
			);
			buildRules = (
			);
			dependencies = (
				C7BD896827CEBD500014341E /* PBXTargetDependency */,
			);
			name = RestartAppUITests;
			productName = RestartAppUITests;
			productReference = C7BD896627CEBD500014341E /* RestartAppUITests.xctest */;
			productType = "com.apple.product-type.bundle.ui-testing";
		};
/* End PBXNativeTarget section */

/* Begin PBXProject section */
		C7BD894427CEBD4E0014341E /* Project object */ = {
			isa = PBXProject;
			attributes = {
				BuildIndependentTargetsInParallel = 1;
				LastSwiftUpdateCheck = 1320;
				LastUpgradeCheck = 1320;
				TargetAttributes = {
					C7BD894B27CEBD4E0014341E = {
						CreatedOnToolsVersion = 13.2.1;
					};
					C7BD895B27CEBD500014341E = {
						CreatedOnToolsVersion = 13.2.1;
						TestTargetID = C7BD894B27CEBD4E0014341E;
					};
					C7BD896527CEBD500014341E = {
						CreatedOnToolsVersion = 13.2.1;
						TestTargetID = C7BD894B27CEBD4E0014341E;
					};
				};
			};
			buildConfigurationList = C7BD894727CEBD4E0014341E /* Build configuration list for PBXProject "RestartApp" */;
			compatibilityVersion = "Xcode 13.0";
			developmentRegion = en;
			hasScannedForEncodings = 0;
			knownRegions = (
				en,
				Base,
			);
			mainGroup = C7BD894327CEBD4E0014341E;
			productRefGroup = C7BD894D27CEBD4E0014341E /* Products */;
			projectDirPath = "";
			projectRoot = "";
			targets = (
				C7BD894B27CEBD4E0014341E /* RestartApp */,
				C7BD895B27CEBD500014341E /* RestartAppTests */,
				C7BD896527CEBD500014341E /* RestartAppUITests */,
			);
		};
/* End PBXProject section */

/* Begin PBXResourcesBuildPhase section */
		C7BD894A27CEBD4E0014341E /* Resources */ = {
			isa = PBXResourcesBuildPhase;
			buildActionMask = 2147483647;
			files = (
				C7BD897C27CEBE4D0014341E /* success.m4a in Resources */,
				C7BD897B27CEBE4D0014341E /* chimeup.mp3 in Resources */,
				C7BD895727CEBD500014341E /* Preview Assets.xcassets in Resources */,
				C7BD895427CEBD500014341E /* Assets.xcassets in Resources */,
			);
			runOnlyForDeploymentPostprocessing = 0;
		};
		C7BD895A27CEBD500014341E /* Resources */ = {
			isa = PBXResourcesBuildPhase;
			buildActionMask = 2147483647;
			files = (
			);
			runOnlyForDeploymentPostprocessing = 0;
		};
		C7BD896427CEBD500014341E /* Resources */ = {
			isa = PBXResourcesBuildPhase;
			buildActionMask = 2147483647;
			files = (
			);
			runOnlyForDeploymentPostprocessing = 0;
		};
/* End PBXResourcesBuildPhase section */

/* Begin PBXSourcesBuildPhase section */
		C7BD894827CEBD4E0014341E /* Sources */ = {
			isa = PBXSourcesBuildPhase;
			buildActionMask = 2147483647;
			files = (
				C7BD898C27CECE110014341E /* CircleGroupView.swift in Sources */,
				C7BD898727CEC3210014341E /* ColorsExtension.swift in Sources */,
				C7BD898327CEC0180014341E /* OnboardingView.swift in Sources */,
				C7BD898E27CEE3630014341E /* AudioPlayer.swift in Sources */,
				C7BD898527CEC0200014341E /* HomeView.swift in Sources */,
				C7BD898927CEC5F40014341E /* ImagesExtension.swift in Sources */,
				C7BD895227CEBD4E0014341E /* ContentView.swift in Sources */,
				C7BD895027CEBD4E0014341E /* RestartAppApp.swift in Sources */,
			);
			runOnlyForDeploymentPostprocessing = 0;
		};
		C7BD895827CEBD500014341E /* Sources */ = {
			isa = PBXSourcesBuildPhase;
			buildActionMask = 2147483647;
			files = (
				C7BD896127CEBD500014341E /* RestartAppTests.swift in Sources */,
			);
			runOnlyForDeploymentPostprocessing = 0;
		};
		C7BD896227CEBD500014341E /* Sources */ = {
			isa = PBXSourcesBuildPhase;
			buildActionMask = 2147483647;
			files = (
				C7BD896D27CEBD500014341E /* RestartAppUITestsLaunchTests.swift in Sources */,
				C7BD896B27CEBD500014341E /* RestartAppUITests.swift in Sources */,
			);
			runOnlyForDeploymentPostprocessing = 0;
		};
/* End PBXSourcesBuildPhase section */

/* Begin PBXTargetDependency section */
		C7BD895E27CEBD500014341E /* PBXTargetDependency */ = {
			isa = PBXTargetDependency;
			target = C7BD894B27CEBD4E0014341E /* RestartApp */;
			targetProxy = C7BD895D27CEBD500014341E /* PBXContainerItemProxy */;
		};
		C7BD896827CEBD500014341E /* PBXTargetDependency */ = {
			isa = PBXTargetDependency;
			target = C7BD894B27CEBD4E0014341E /* RestartApp */;
			targetProxy = C7BD896727CEBD500014341E /* PBXContainerItemProxy */;
		};
/* End PBXTargetDependency section */

/* Begin XCBuildConfiguration section */
		C7BD896E27CEBD500014341E /* Debug */ = {
			isa = XCBuildConfiguration;
			buildSettings = {
				ALWAYS_SEARCH_USER_PATHS = NO;
				CLANG_ANALYZER_NONNULL = YES;
				CLANG_ANALYZER_NUMBER_OBJECT_CONVERSION = YES_AGGRESSIVE;
				CLANG_CXX_LANGUAGE_STANDARD = "gnu++17";
				CLANG_CXX_LIBRARY = "libc++";
				CLANG_ENABLE_MODULES = YES;
				CLANG_ENABLE_OBJC_ARC = YES;
				CLANG_ENABLE_OBJC_WEAK = YES;
				CLANG_WARN_BLOCK_CAPTURE_AUTORELEASING = YES;
				CLANG_WARN_BOOL_CONVERSION = YES;
				CLANG_WARN_COMMA = YES;
				CLANG_WARN_CONSTANT_CONVERSION = YES;
				CLANG_WARN_DEPRECATED_OBJC_IMPLEMENTATIONS = YES;
				CLANG_WARN_DIRECT_OBJC_ISA_USAGE = YES_ERROR;
				CLANG_WARN_DOCUMENTATION_COMMENTS = YES;
				CLANG_WARN_EMPTY_BODY = YES;
				CLANG_WARN_ENUM_CONVERSION = YES;
				CLANG_WARN_INFINITE_RECURSION = YES;
				CLANG_WARN_INT_CONVERSION = YES;
				CLANG_WARN_NON_LITERAL_NULL_CONVERSION = YES;
				CLANG_WARN_OBJC_IMPLICIT_RETAIN_SELF = YES;
				CLANG_WARN_OBJC_LITERAL_CONVERSION = YES;
				CLANG_WARN_OBJC_ROOT_CLASS = YES_ERROR;
				CLANG_WARN_QUOTED_INCLUDE_IN_FRAMEWORK_HEADER = YES;
				CLANG_WARN_RANGE_LOOP_ANALYSIS = YES;
				CLANG_WARN_STRICT_PROTOTYPES = YES;
				CLANG_WARN_SUSPICIOUS_MOVE = YES;
				CLANG_WARN_UNGUARDED_AVAILABILITY = YES_AGGRESSIVE;
				CLANG_WARN_UNREACHABLE_CODE = YES;
				CLANG_WARN__DUPLICATE_METHOD_MATCH = YES;
				COPY_PHASE_STRIP = NO;
				DEBUG_INFORMATION_FORMAT = dwarf;
				ENABLE_STRICT_OBJC_MSGSEND = YES;
				ENABLE_TESTABILITY = YES;
				GCC_C_LANGUAGE_STANDARD = gnu11;
				GCC_DYNAMIC_NO_PIC = NO;
				GCC_NO_COMMON_BLOCKS = YES;
				GCC_OPTIMIZATION_LEVEL = 0;
				GCC_PREPROCESSOR_DEFINITIONS = (
					"DEBUG=1",
					"$(inherited)",
				);
				GCC_WARN_64_TO_32_BIT_CONVERSION = YES;
				GCC_WARN_ABOUT_RETURN_TYPE = YES_ERROR;
				GCC_WARN_UNDECLARED_SELECTOR = YES;
				GCC_WARN_UNINITIALIZED_AUTOS = YES_AGGRESSIVE;
				GCC_WARN_UNUSED_FUNCTION = YES;
				GCC_WARN_UNUSED_VARIABLE = YES;
				IPHONEOS_DEPLOYMENT_TARGET = 15.2;
				MTL_ENABLE_DEBUG_INFO = INCLUDE_SOURCE;
				MTL_FAST_MATH = YES;
				ONLY_ACTIVE_ARCH = YES;
				SDKROOT = iphoneos;
				SWIFT_ACTIVE_COMPILATION_CONDITIONS = DEBUG;
				SWIFT_OPTIMIZATION_LEVEL = "-Onone";
			};
			name = Debug;
		};
		C7BD896F27CEBD500014341E /* Release */ = {
			isa = XCBuildConfiguration;
			buildSettings = {
				ALWAYS_SEARCH_USER_PATHS = NO;
				CLANG_ANALYZER_NONNULL = YES;
				CLANG_ANALYZER_NUMBER_OBJECT_CONVERSION = YES_AGGRESSIVE;
				CLANG_CXX_LANGUAGE_STANDARD = "gnu++17";
				CLANG_CXX_LIBRARY = "libc++";
				CLANG_ENABLE_MODULES = YES;
				CLANG_ENABLE_OBJC_ARC = YES;
				CLANG_ENABLE_OBJC_WEAK = YES;
				CLANG_WARN_BLOCK_CAPTURE_AUTORELEASING = YES;
				CLANG_WARN_BOOL_CONVERSION = YES;
				CLANG_WARN_COMMA = YES;
				CLANG_WARN_CONSTANT_CONVERSION = YES;
				CLANG_WARN_DEPRECATED_OBJC_IMPLEMENTATIONS = YES;
				CLANG_WARN_DIRECT_OBJC_ISA_USAGE = YES_ERROR;
				CLANG_WARN_DOCUMENTATION_COMMENTS = YES;
				CLANG_WARN_EMPTY_BODY = YES;
				CLANG_WARN_ENUM_CONVERSION = YES;
				CLANG_WARN_INFINITE_RECURSION = YES;
				CLANG_WARN_INT_CONVERSION = YES;
				CLANG_WARN_NON_LITERAL_NULL_CONVERSION = YES;
				CLANG_WARN_OBJC_IMPLICIT_RETAIN_SELF = YES;
				CLANG_WARN_OBJC_LITERAL_CONVERSION = YES;
				CLANG_WARN_OBJC_ROOT_CLASS = YES_ERROR;
				CLANG_WARN_QUOTED_INCLUDE_IN_FRAMEWORK_HEADER = YES;
				CLANG_WARN_RANGE_LOOP_ANALYSIS = YES;
				CLANG_WARN_STRICT_PROTOTYPES = YES;
				CLANG_WARN_SUSPICIOUS_MOVE = YES;
				CLANG_WARN_UNGUARDED_AVAILABILITY = YES_AGGRESSIVE;
				CLANG_WARN_UNREACHABLE_CODE = YES;
				CLANG_WARN__DUPLICATE_METHOD_MATCH = YES;
				COPY_PHASE_STRIP = NO;
				DEBUG_INFORMATION_FORMAT = "dwarf-with-dsym";
				ENABLE_NS_ASSERTIONS = NO;
				ENABLE_STRICT_OBJC_MSGSEND = YES;
				GCC_C_LANGUAGE_STANDARD = gnu11;
				GCC_NO_COMMON_BLOCKS = YES;
				GCC_WARN_64_TO_32_BIT_CONVERSION = YES;
				GCC_WARN_ABOUT_RETURN_TYPE = YES_ERROR;
				GCC_WARN_UNDECLARED_SELECTOR = YES;
				GCC_WARN_UNINITIALIZED_AUTOS = YES_AGGRESSIVE;
				GCC_WARN_UNUSED_FUNCTION = YES;
				GCC_WARN_UNUSED_VARIABLE = YES;
				IPHONEOS_DEPLOYMENT_TARGET = 15.2;
				MTL_ENABLE_DEBUG_INFO = NO;
				MTL_FAST_MATH = YES;
				SDKROOT = iphoneos;
				SWIFT_COMPILATION_MODE = wholemodule;
				SWIFT_OPTIMIZATION_LEVEL = "-O";
				VALIDATE_PRODUCT = YES;
			};
			name = Release;
		};
		C7BD897127CEBD500014341E /* Debug */ = {
			isa = XCBuildConfiguration;
			buildSettings = {
				ASSETCATALOG_COMPILER_APPICON_NAME = AppIcon;
				ASSETCATALOG_COMPILER_GLOBAL_ACCENT_COLOR_NAME = AccentColor;
				CODE_SIGN_STYLE = Automatic;
				CURRENT_PROJECT_VERSION = 1;
				DEVELOPMENT_ASSET_PATHS = "\"RestartApp/Preview Content\"";
				DEVELOPMENT_TEAM = V5FAL96G48;
				ENABLE_PREVIEWS = YES;
				GENERATE_INFOPLIST_FILE = YES;
				INFOPLIST_FILE = RestartApp/Info.plist;
				INFOPLIST_KEY_UIApplicationSceneManifest_Generation = YES;
				INFOPLIST_KEY_UIApplicationSupportsIndirectInputEvents = YES;
				INFOPLIST_KEY_UISupportedInterfaceOrientations = UIInterfaceOrientationPortrait;
				INFOPLIST_KEY_UISupportedInterfaceOrientations_iPad = "UIInterfaceOrientationPortrait UIInterfaceOrientationPortraitUpsideDown UIInterfaceOrientationLandscapeLeft UIInterfaceOrientationLandscapeRight";
				INFOPLIST_KEY_UISupportedInterfaceOrientations_iPhone = UIInterfaceOrientationPortrait;
				IPHONEOS_DEPLOYMENT_TARGET = 15.0;
				LD_RUNPATH_SEARCH_PATHS = (
					"$(inherited)",
					"@executable_path/Frameworks",
				);
				MARKETING_VERSION = 1.0;
				PRODUCT_BUNDLE_IDENTIFIER = dev.webelieve.RestartApp;
				PRODUCT_NAME = "$(TARGET_NAME)";
				SWIFT_EMIT_LOC_STRINGS = YES;
				SWIFT_VERSION = 5.0;
				TARGETED_DEVICE_FAMILY = "1,2";
			};
			name = Debug;
		};
		C7BD897227CEBD500014341E /* Release */ = {
			isa = XCBuildConfiguration;
			buildSettings = {
				ASSETCATALOG_COMPILER_APPICON_NAME = AppIcon;
				ASSETCATALOG_COMPILER_GLOBAL_ACCENT_COLOR_NAME = AccentColor;
				CODE_SIGN_STYLE = Automatic;
				CURRENT_PROJECT_VERSION = 1;
				DEVELOPMENT_ASSET_PATHS = "\"RestartApp/Preview Content\"";
				DEVELOPMENT_TEAM = V5FAL96G48;
				ENABLE_PREVIEWS = YES;
				GENERATE_INFOPLIST_FILE = YES;
				INFOPLIST_FILE = RestartApp/Info.plist;
				INFOPLIST_KEY_UIApplicationSceneManifest_Generation = YES;
				INFOPLIST_KEY_UIApplicationSupportsIndirectInputEvents = YES;
				INFOPLIST_KEY_UISupportedInterfaceOrientations = UIInterfaceOrientationPortrait;
				INFOPLIST_KEY_UISupportedInterfaceOrientations_iPad = "UIInterfaceOrientationPortrait UIInterfaceOrientationPortraitUpsideDown UIInterfaceOrientationLandscapeLeft UIInterfaceOrientationLandscapeRight";
				INFOPLIST_KEY_UISupportedInterfaceOrientations_iPhone = UIInterfaceOrientationPortrait;
				IPHONEOS_DEPLOYMENT_TARGET = 15.0;
				LD_RUNPATH_SEARCH_PATHS = (
					"$(inherited)",
					"@executable_path/Frameworks",
				);
				MARKETING_VERSION = 1.0;
				PRODUCT_BUNDLE_IDENTIFIER = dev.webelieve.RestartApp;
				PRODUCT_NAME = "$(TARGET_NAME)";
				SWIFT_EMIT_LOC_STRINGS = YES;
				SWIFT_VERSION = 5.0;
				TARGETED_DEVICE_FAMILY = "1,2";
			};
			name = Release;
		};
		C7BD897427CEBD500014341E /* Debug */ = {
			isa = XCBuildConfiguration;
			buildSettings = {
				ALWAYS_EMBED_SWIFT_STANDARD_LIBRARIES = YES;
				BUNDLE_LOADER = "$(TEST_HOST)";
				CODE_SIGN_STYLE = Automatic;
				CURRENT_PROJECT_VERSION = 1;
				DEVELOPMENT_TEAM = V5FAL96G48;
				GENERATE_INFOPLIST_FILE = YES;
				IPHONEOS_DEPLOYMENT_TARGET = 15.2;
				MARKETING_VERSION = 1.0;
				PRODUCT_BUNDLE_IDENTIFIER = dev.webelieve.RestartAppTests;
				PRODUCT_NAME = "$(TARGET_NAME)";
				SWIFT_EMIT_LOC_STRINGS = NO;
				SWIFT_VERSION = 5.0;
				TARGETED_DEVICE_FAMILY = "1,2";
				TEST_HOST = "$(BUILT_PRODUCTS_DIR)/RestartApp.app/RestartApp";
			};
			name = Debug;
		};
		C7BD897527CEBD500014341E /* Release */ = {
			isa = XCBuildConfiguration;
			buildSettings = {
				ALWAYS_EMBED_SWIFT_STANDARD_LIBRARIES = YES;
				BUNDLE_LOADER = "$(TEST_HOST)";
				CODE_SIGN_STYLE = Automatic;
				CURRENT_PROJECT_VERSION = 1;
				DEVELOPMENT_TEAM = V5FAL96G48;
				GENERATE_INFOPLIST_FILE = YES;
				IPHONEOS_DEPLOYMENT_TARGET = 15.2;
				MARKETING_VERSION = 1.0;
				PRODUCT_BUNDLE_IDENTIFIER = dev.webelieve.RestartAppTests;
				PRODUCT_NAME = "$(TARGET_NAME)";
				SWIFT_EMIT_LOC_STRINGS = NO;
				SWIFT_VERSION = 5.0;
				TARGETED_DEVICE_FAMILY = "1,2";
				TEST_HOST = "$(BUILT_PRODUCTS_DIR)/RestartApp.app/RestartApp";
			};
			name = Release;
		};
		C7BD897727CEBD500014341E /* Debug */ = {
			isa = XCBuildConfiguration;
			buildSettings = {
				ALWAYS_EMBED_SWIFT_STANDARD_LIBRARIES = YES;
				CODE_SIGN_STYLE = Automatic;
				CURRENT_PROJECT_VERSION = 1;
				DEVELOPMENT_TEAM = V5FAL96G48;
				GENERATE_INFOPLIST_FILE = YES;
				MARKETING_VERSION = 1.0;
				PRODUCT_BUNDLE_IDENTIFIER = dev.webelieve.RestartAppUITests;
				PRODUCT_NAME = "$(TARGET_NAME)";
				SWIFT_EMIT_LOC_STRINGS = NO;
				SWIFT_VERSION = 5.0;
				TARGETED_DEVICE_FAMILY = "1,2";
				TEST_TARGET_NAME = RestartApp;
			};
			name = Debug;
		};
		C7BD897827CEBD500014341E /* Release */ = {
			isa = XCBuildConfiguration;
			buildSettings = {
				ALWAYS_EMBED_SWIFT_STANDARD_LIBRARIES = YES;
				CODE_SIGN_STYLE = Automatic;
				CURRENT_PROJECT_VERSION = 1;
				DEVELOPMENT_TEAM = V5FAL96G48;
				GENERATE_INFOPLIST_FILE = YES;
				MARKETING_VERSION = 1.0;
				PRODUCT_BUNDLE_IDENTIFIER = dev.webelieve.RestartAppUITests;
				PRODUCT_NAME = "$(TARGET_NAME)";
				SWIFT_EMIT_LOC_STRINGS = NO;
				SWIFT_VERSION = 5.0;
				TARGETED_DEVICE_FAMILY = "1,2";
				TEST_TARGET_NAME = RestartApp;
			};
			name = Release;
		};
/* End XCBuildConfiguration section */

/* Begin XCConfigurationList section */
		C7BD894727CEBD4E0014341E /* Build configuration list for PBXProject "RestartApp" */ = {
			isa = XCConfigurationList;
			buildConfigurations = (
				C7BD896E27CEBD500014341E /* Debug */,
				C7BD896F27CEBD500014341E /* Release */,
			);
			defaultConfigurationIsVisible = 0;
			defaultConfigurationName = Release;
		};
		C7BD897027CEBD500014341E /* Build configuration list for PBXNativeTarget "RestartApp" */ = {
			isa = XCConfigurationList;
			buildConfigurations = (
				C7BD897127CEBD500014341E /* Debug */,
				C7BD897227CEBD500014341E /* Release */,
			);
			defaultConfigurationIsVisible = 0;
			defaultConfigurationName = Release;
		};
		C7BD897327CEBD500014341E /* Build configuration list for PBXNativeTarget "RestartAppTests" */ = {
			isa = XCConfigurationList;
			buildConfigurations = (
				C7BD897427CEBD500014341E /* Debug */,
				C7BD897527CEBD500014341E /* Release */,
			);
			defaultConfigurationIsVisible = 0;
			defaultConfigurationName = Release;
		};
		C7BD897627CEBD500014341E /* Build configuration list for PBXNativeTarget "RestartAppUITests" */ = {
			isa = XCConfigurationList;
			buildConfigurations = (
				C7BD897727CEBD500014341E /* Debug */,
				C7BD897827CEBD500014341E /* Release */,
			);
			defaultConfigurationIsVisible = 0;
			defaultConfigurationName = Release;
		};
/* End XCConfigurationList section */
	};
	rootObject = C7BD894427CEBD4E0014341E /* Project object */;
}
